// !$*UTF8*$!
{
	archiveVersion = 1;
	classes = {
	};
	objectVersion = 46;
	objects = {

/* Begin PBXBuildFile section */
		13DD8A8D169B8271000E2C50 /* UIKit.framework in Frameworks */ = {isa = PBXBuildFile; fileRef = 13DD8A8C169B8271000E2C50 /* UIKit.framework */; };
		13DD8A8F169B8271000E2C50 /* Foundation.framework in Frameworks */ = {isa = PBXBuildFile; fileRef = 13DD8A8E169B8271000E2C50 /* Foundation.framework */; };
		13DD8A91169B8271000E2C50 /* CoreGraphics.framework in Frameworks */ = {isa = PBXBuildFile; fileRef = 13DD8A90169B8271000E2C50 /* CoreGraphics.framework */; };
		13DD8A97169B8271000E2C50 /* InfoPlist.strings in Resources */ = {isa = PBXBuildFile; fileRef = 13DD8A95169B8271000E2C50 /* InfoPlist.strings */; };
		13DD8A99169B8271000E2C50 /* main.m in Sources */ = {isa = PBXBuildFile; fileRef = 13DD8A98169B8271000E2C50 /* main.m */; };
		13DD8A9D169B8271000E2C50 /* AppDelegate.m in Sources */ = {isa = PBXBuildFile; fileRef = 13DD8A9C169B8271000E2C50 /* AppDelegate.m */; };
		13DD8A9F169B8271000E2C50 /* Default.png in Resources */ = {isa = PBXBuildFile; fileRef = 13DD8A9E169B8271000E2C50 /* Default.png */; };
		13DD8AA1169B8271000E2C50 /* Default@2x.png in Resources */ = {isa = PBXBuildFile; fileRef = 13DD8AA0169B8271000E2C50 /* Default@2x.png */; };
		13DD8AA3169B8271000E2C50 /* Default-568h@2x.png in Resources */ = {isa = PBXBuildFile; fileRef = 13DD8AA2169B8271000E2C50 /* Default-568h@2x.png */; };
		13DD8AA6169B8271000E2C50 /* MainStoryboard.storyboard in Resources */ = {isa = PBXBuildFile; fileRef = 13DD8AA4169B8271000E2C50 /* MainStoryboard.storyboard */; };
		13DD8AA9169B8271000E2C50 /* ViewController.m in Sources */ = {isa = PBXBuildFile; fileRef = 13DD8AA8169B8271000E2C50 /* ViewController.m */; };
/* End PBXBuildFile section */

/* Begin PBXFileReference section */
		13DD8A89169B8271000E2C50 /* WPJsonParser.app */ = {isa = PBXFileReference; explicitFileType = wrapper.application; includeInIndex = 0; path = WPJsonParser.app; sourceTree = BUILT_PRODUCTS_DIR; };
		13DD8A8C169B8271000E2C50 /* UIKit.framework */ = {isa = PBXFileReference; lastKnownFileType = wrapper.framework; name = UIKit.framework; path = System/Library/Frameworks/UIKit.framework; sourceTree = SDKROOT; };
		13DD8A8E169B8271000E2C50 /* Foundation.framework */ = {isa = PBXFileReference; lastKnownFileType = wrapper.framework; name = Foundation.framework; path = System/Library/Frameworks/Foundation.framework; sourceTree = SDKROOT; };
		13DD8A90169B8271000E2C50 /* CoreGraphics.framework */ = {isa = PBXFileReference; lastKnownFileType = wrapper.framework; name = CoreGraphics.framework; path = System/Library/Frameworks/CoreGraphics.framework; sourceTree = SDKROOT; };
		13DD8A94169B8271000E2C50 /* WPJsonParser-Info.plist */ = {isa = PBXFileReference; lastKnownFileType = text.plist.xml; path = "WPJsonParser-Info.plist"; sourceTree = "<group>"; };
		13DD8A96169B8271000E2C50 /* en */ = {isa = PBXFileReference; lastKnownFileType = text.plist.strings; name = en; path = en.lproj/InfoPlist.strings; sourceTree = "<group>"; };
		13DD8A98169B8271000E2C50 /* main.m */ = {isa = PBXFileReference; lastKnownFileType = sourcecode.c.objc; path = main.m; sourceTree = "<group>"; };
		13DD8A9A169B8271000E2C50 /* WPJsonParser-Prefix.pch */ = {isa = PBXFileReference; lastKnownFileType = sourcecode.c.h; path = "WPJsonParser-Prefix.pch"; sourceTree = "<group>"; };
		13DD8A9B169B8271000E2C50 /* AppDelegate.h */ = {isa = PBXFileReference; lastKnownFileType = sourcecode.c.h; path = AppDelegate.h; sourceTree = "<group>"; };
		13DD8A9C169B8271000E2C50 /* AppDelegate.m */ = {isa = PBXFileReference; lastKnownFileType = sourcecode.c.objc; path = AppDelegate.m; sourceTree = "<group>"; };
		13DD8A9E169B8271000E2C50 /* Default.png */ = {isa = PBXFileReference; lastKnownFileType = image.png; path = Default.png; sourceTree = "<group>"; };
		13DD8AA0169B8271000E2C50 /* Default@2x.png */ = {isa = PBXFileReference; lastKnownFileType = image.png; path = "Default@2x.png"; sourceTree = "<group>"; };
		13DD8AA2169B8271000E2C50 /* Default-568h@2x.png */ = {isa = PBXFileReference; lastKnownFileType = image.png; path = "Default-568h@2x.png"; sourceTree = "<group>"; };
		13DD8AA5169B8271000E2C50 /* en */ = {isa = PBXFileReference; lastKnownFileType = file.storyboard; name = en; path = en.lproj/MainStoryboard.storyboard; sourceTree = "<group>"; };
		13DD8AA7169B8271000E2C50 /* ViewController.h */ = {isa = PBXFileReference; lastKnownFileType = sourcecode.c.h; path = ViewController.h; sourceTree = "<group>"; };
		13DD8AA8169B8271000E2C50 /* ViewController.m */ = {isa = PBXFileReference; lastKnownFileType = sourcecode.c.objc; path = ViewController.m; sourceTree = "<group>"; };
/* End PBXFileReference section */

/* Begin PBXFrameworksBuildPhase section */
		13DD8A86169B8271000E2C50 /* Frameworks */ = {
			isa = PBXFrameworksBuildPhase;
			buildActionMask = 2147483647;
			files = (
				13DD8A8D169B8271000E2C50 /* UIKit.framework in Frameworks */,
				13DD8A8F169B8271000E2C50 /* Foundation.framework in Frameworks */,
				13DD8A91169B8271000E2C50 /* CoreGraphics.framework in Frameworks */,
			);
			runOnlyForDeploymentPostprocessing = 0;
		};
/* End PBXFrameworksBuildPhase section */

/* Begin PBXGroup section */
		13DD8A80169B8271000E2C50 = {
			isa = PBXGroup;
			children = (
				13DD8A92169B8271000E2C50 /* WPJsonParser */,
				13DD8A8B169B8271000E2C50 /* Frameworks */,
				13DD8A8A169B8271000E2C50 /* Products */,
			);
			sourceTree = "<group>";
		};
		13DD8A8A169B8271000E2C50 /* Products */ = {
			isa = PBXGroup;
			children = (
				13DD8A89169B8271000E2C50 /* WPJsonParser.app */,
			);
			name = Products;
			sourceTree = "<group>";
		};
		13DD8A8B169B8271000E2C50 /* Frameworks */ = {
			isa = PBXGroup;
			children = (
				13DD8A8C169B8271000E2C50 /* UIKit.framework */,
				13DD8A8E169B8271000E2C50 /* Foundation.framework */,
				13DD8A90169B8271000E2C50 /* CoreGraphics.framework */,
			);
			name = Frameworks;
			sourceTree = "<group>";
		};
		13DD8A92169B8271000E2C50 /* WPJsonParser */ = {
			isa = PBXGroup;
			children = (
				13DD8A9B169B8271000E2C50 /* AppDelegate.h */,
				13DD8A9C169B8271000E2C50 /* AppDelegate.m */,
				13DD8AA4169B8271000E2C50 /* MainStoryboard.storyboard */,
				13DD8AA7169B8271000E2C50 /* ViewController.h */,
				13DD8AA8169B8271000E2C50 /* ViewController.m */,
				13DD8A93169B8271000E2C50 /* Supporting Files */,
			);
			path = WPJsonParser;
			sourceTree = "<group>";
		};
		13DD8A93169B8271000E2C50 /* Supporting Files */ = {
			isa = PBXGroup;
			children = (
				13DD8A94169B8271000E2C50 /* WPJsonParser-Info.plist */,
				13DD8A95169B8271000E2C50 /* InfoPlist.strings */,
				13DD8A98169B8271000E2C50 /* main.m */,
				13DD8A9A169B8271000E2C50 /* WPJsonParser-Prefix.pch */,
				13DD8A9E169B8271000E2C50 /* Default.png */,
				13DD8AA0169B8271000E2C50 /* Default@2x.png */,
				13DD8AA2169B8271000E2C50 /* Default-568h@2x.png */,
			);
			name = "Supporting Files";
			sourceTree = "<group>";
		};
/* End PBXGroup section */

/* Begin PBXNativeTarget section */
		13DD8A88169B8271000E2C50 /* WPJsonParser */ = {
			isa = PBXNativeTarget;
			buildConfigurationList = 13DD8AAC169B8271000E2C50 /* Build configuration list for PBXNativeTarget "WPJsonParser" */;
			buildPhases = (
				13DD8A85169B8271000E2C50 /* Sources */,
				13DD8A86169B8271000E2C50 /* Frameworks */,
				13DD8A87169B8271000E2C50 /* Resources */,
			);
			buildRules = (
			);
			dependencies = (
			);
			name = WPJsonParser;
			productName = WPJsonParser;
			productReference = 13DD8A89169B8271000E2C50 /* WPJsonParser.app */;
			productType = "com.apple.product-type.application";
		};
/* End PBXNativeTarget section */

/* Begin PBXProject section */
		13DD8A81169B8271000E2C50 /* Project object */ = {
			isa = PBXProject;
			attributes = {
				LastUpgradeCheck = 0460;
				ORGANIZATIONNAME = "Vavelin Kévin";
			};
			buildConfigurationList = 13DD8A84169B8271000E2C50 /* Build configuration list for PBXProject "WPJsonParser" */;
			compatibilityVersion = "Xcode 3.2";
			developmentRegion = English;
			hasScannedForEncodings = 0;
			knownRegions = (
				en,
			);
			mainGroup = 13DD8A80169B8271000E2C50;
			productRefGroup = 13DD8A8A169B8271000E2C50 /* Products */;
			projectDirPath = "";
			projectRoot = "";
			targets = (
				13DD8A88169B8271000E2C50 /* WPJsonParser */,
			);
		};
/* End PBXProject section */

/* Begin PBXResourcesBuildPhase section */
		13DD8A87169B8271000E2C50 /* Resources */ = {
			isa = PBXResourcesBuildPhase;
			buildActionMask = 2147483647;
			files = (
				13DD8A97169B8271000E2C50 /* InfoPlist.strings in Resources */,
				13DD8A9F169B8271000E2C50 /* Default.png in Resources */,
				13DD8AA1169B8271000E2C50 /* Default@2x.png in Resources */,
				13DD8AA3169B8271000E2C50 /* Default-568h@2x.png in Resources */,
				13DD8AA6169B8271000E2C50 /* MainStoryboard.storyboard in Resources */,
			);
			runOnlyForDeploymentPostprocessing = 0;
		};
/* End PBXResourcesBuildPhase section */

/* Begin PBXSourcesBuildPhase section */
		13DD8A85169B8271000E2C50 /* Sources */ = {
			isa = PBXSourcesBuildPhase;
			buildActionMask = 2147483647;
			files = (
				13DD8A99169B8271000E2C50 /* main.m in Sources */,
				13DD8A9D169B8271000E2C50 /* AppDelegate.m in Sources */,
				13DD8AA9169B8271000E2C50 /* ViewController.m in Sources */,
			);
			runOnlyForDeploymentPostprocessing = 0;
		};
/* End PBXSourcesBuildPhase section */

/* Begin PBXVariantGroup section */
		13DD8A95169B8271000E2C50 /* InfoPlist.strings */ = {
			isa = PBXVariantGroup;
			children = (
				13DD8A96169B8271000E2C50 /* en */,
			);
			name = InfoPlist.strings;
			sourceTree = "<group>";
		};
		13DD8AA4169B8271000E2C50 /* MainStoryboard.storyboard */ = {
			isa = PBXVariantGroup;
			children = (
				13DD8AA5169B8271000E2C50 /* en */,
			);
			name = MainStoryboard.storyboard;
			sourceTree = "<group>";
		};
/* End PBXVariantGroup section */

/* Begin XCBuildConfiguration section */
		13DD8AAA169B8271000E2C50 /* Debug */ = {
			isa = XCBuildConfiguration;
			buildSettings = {
				ALWAYS_SEARCH_USER_PATHS = NO;
				CLANG_CXX_LANGUAGE_STANDARD = "gnu++0x";
				CLANG_CXX_LIBRARY = "libc++";
				CLANG_WARN_CONSTANT_CONVERSION = YES;
				CLANG_WARN_EMPTY_BODY = YES;
				CLANG_WARN_ENUM_CONVERSION = YES;
				CLANG_WARN_INT_CONVERSION = YES;
				CLANG_WARN__DUPLICATE_METHOD_MATCH = YES;
				"CODE_SIGN_IDENTITY[sdk=iphoneos*]" = "iPhone Developer";
				COPY_PHASE_STRIP = NO;
				GCC_C_LANGUAGE_STANDARD = gnu99;
				GCC_DYNAMIC_NO_PIC = NO;
				GCC_OPTIMIZATION_LEVEL = 0;
				GCC_PREPROCESSOR_DEFINITIONS = (
					"DEBUG=1",
					"$(inherited)",
				);
				GCC_SYMBOLS_PRIVATE_EXTERN = NO;
				GCC_WARN_ABOUT_RETURN_TYPE = YES;
				GCC_WARN_UNINITIALIZED_AUTOS = YES;
				GCC_WARN_UNUSED_VARIABLE = YES;
				IPHONEOS_DEPLOYMENT_TARGET = 6.1;
				ONLY_ACTIVE_ARCH = YES;
				SDKROOT = iphoneos;
			};
			name = Debug;
		};
		13DD8AAB169B8271000E2C50 /* Release */ = {
			isa = XCBuildConfiguration;
			buildSettings = {
				ALWAYS_SEARCH_USER_PATHS = NO;
				CLANG_CXX_LANGUAGE_STANDARD = "gnu++0x";
				CLANG_CXX_LIBRARY = "libc++";
				CLANG_WARN_CONSTANT_CONVERSION = YES;
				CLANG_WARN_EMPTY_BODY = YES;
				CLANG_WARN_ENUM_CONVERSION = YES;
				CLANG_WARN_INT_CONVERSION = YES;
				CLANG_WARN__DUPLICATE_METHOD_MATCH = YES;
				"CODE_SIGN_IDENTITY[sdk=iphoneos*]" = "iPhone Developer";
				COPY_PHASE_STRIP = YES;
				GCC_C_LANGUAGE_STANDARD = gnu99;
				GCC_WARN_ABOUT_RETURN_TYPE = YES;
				GCC_WARN_UNINITIALIZED_AUTOS = YES;
				GCC_WARN_UNUSED_VARIABLE = YES;
				IPHONEOS_DEPLOYMENT_TARGET = 6.1;
				OTHER_CFLAGS = "-DNS_BLOCK_ASSERTIONS=1";
				SDKROOT = iphoneos;
				VALIDATE_PRODUCT = YES;
			};
			name = Release;
		};
		13DD8AAD169B8271000E2C50 /* Debug */ = {
			isa = XCBuildConfiguration;
			buildSettings = {
				GCC_PRECOMPILE_PREFIX_HEADER = YES;
				GCC_PREFIX_HEADER = "WPJsonParser/WPJsonParser-Prefix.pch";
				INFOPLIST_FILE = "WPJsonParser/WPJsonParser-Info.plist";
				PRODUCT_NAME = "$(TARGET_NAME)";
				WRAPPER_EXTENSION = app;
			};
			name = Debug;
		};
		13DD8AAE169B8271000E2C50 /* Release */ = {
			isa = XCBuildConfiguration;
			buildSettings = {
				GCC_PRECOMPILE_PREFIX_HEADER = YES;
				GCC_PREFIX_HEADER = "WPJsonParser/WPJsonParser-Prefix.pch";
				INFOPLIST_FILE = "WPJsonParser/WPJsonParser-Info.plist";
				PRODUCT_NAME = "$(TARGET_NAME)";
				WRAPPER_EXTENSION = app;
			};
			name = Release;
		};
/* End XCBuildConfiguration section */

/* Begin XCConfigurationList section */
		13DD8A84169B8271000E2C50 /* Build configuration list for PBXProject "WPJsonParser" */ = {
			isa = XCConfigurationList;
			buildConfigurations = (
				13DD8AAA169B8271000E2C50 /* Debug */,
				13DD8AAB169B8271000E2C50 /* Release */,
			);
			defaultConfigurationIsVisible = 0;
			defaultConfigurationName = Release;
		};
		13DD8AAC169B8271000E2C50 /* Build configuration list for PBXNativeTarget "WPJsonParser" */ = {
			isa = XCConfigurationList;
			buildConfigurations = (
				13DD8AAD169B8271000E2C50 /* Debug */,
				13DD8AAE169B8271000E2C50 /* Release */,
			);
			defaultConfigurationIsVisible = 0;
		};
/* End XCConfigurationList section */
	};
	rootObject = 13DD8A81169B8271000E2C50 /* Project object */;
}
